
Microsoft Visual Studio Solution File, Format Version 11.00
# Visual Studio 2010
Project("{8BC9CEB8-8B4A-11D0-8D11-00A0C91BC942}") = "QQSpy", "QQSpy\QQSpy.vcxproj", "{B58FE0A5-450F-44DC-8694-EC36027FD639}"
EndProject
Project("{8BC9CEB8-8B4A-11D0-8D11-00A0C91BC942}") = "QQSpyStart", "QQSpyStart\QQSpyStart.vcxproj", "{4AF644F6-53A7-4B9F-971C-F63E66AB0F2B}"
EndProject
Global
	GlobalSection(SolutionConfigurationPlatforms) = preSolution
		Debug|Win32 = Debug|Win32
		Release|Win32 = Release|Win32
	EndGlobalSection
	GlobalSection(ProjectConfigurationPlatforms) = postSolution
		{B58FE0A5-450F-44DC-8694-EC36027FD639}.Debug|Win32.ActiveCfg = Debug|Win32
		{B58FE0A5-450F-44DC-8694-EC36027FD639}.Debug|Win32.Build.0 = Debug|Win32
		{B58FE0A5-450F-44DC-8694-EC36027FD639}.Release|Win32.ActiveCfg = Release|Win32
		{B58FE0A5-450F-44DC-8694-EC36027FD639}.Release|Win32.Build.0 = Release|Win32
		{4AF644F6-53A7-4B9F-971C-F63E66AB0F2B}.Debug|Win32.ActiveCfg = Debug|Win32
		{4AF644F6-53A7-4B9F-971C-F63E66AB0F2B}.Debug|Win32.Build.0 = Debug|Win32
		{4AF644F6-53A7-4B9F-971C-F63E66AB0F2B}.Release|Win32.ActiveCfg = Release|Win32
		{4AF644F6-53A7-4B9F-971C-F63E66AB0F2B}.Release|Win32.Build.0 = Release|Win32
	EndGlobalSection
	GlobalSection(SolutionProperties) = preSolution
		HideSolutionNode = FALSE
	EndGlobalSection
EndGlobal
